// !$*UTF8*$!
{
	archiveVersion = 1;
	classes = {
	};
	objectVersion = 51;
	objects = {

/* Begin PBXBuildFile section */
		01DC74DDD57F70A7A1629205 /* Pods_RealTimeChatTests.framework in Frameworks */ = {isa = PBXBuildFile; fileRef = 59C405899521CCDDD8A89FE9 /* Pods_RealTimeChatTests.framework */; };
		6F1D78CDA1783B09B6FB3A5A /* Pods_RealTimeChat.framework in Frameworks */ = {isa = PBXBuildFile; fileRef = B64BB690B5069B92F682FDED /* Pods_RealTimeChat.framework */; };
		A244318D251101CF00758DC0 /* DatabaseHelper.swift in Sources */ = {isa = PBXBuildFile; fileRef = A244318C251101CF00758DC0 /* DatabaseHelper.swift */; };
		A268AC8E25111B23005073F2 /* ProfileTableViewController.swift in Sources */ = {isa = PBXBuildFile; fileRef = A268AC8D25111B23005073F2 /* ProfileTableViewController.swift */; };
		A268AC9025111B60005073F2 /* ChatsTableViewController.swift in Sources */ = {isa = PBXBuildFile; fileRef = A268AC8F25111B60005073F2 /* ChatsTableViewController.swift */; };
		A268AC9225111B7D005073F2 /* ContactsTableViewController.swift in Sources */ = {isa = PBXBuildFile; fileRef = A268AC9125111B7D005073F2 /* ContactsTableViewController.swift */; };
		A268AC9425111E91005073F2 /* KeyboardHelper.swift in Sources */ = {isa = PBXBuildFile; fileRef = A268AC9325111E91005073F2 /* KeyboardHelper.swift */; };
		A2ABA117250FF1BA0021880D /* AppDelegate.swift in Sources */ = {isa = PBXBuildFile; fileRef = A2ABA116250FF1BA0021880D /* AppDelegate.swift */; };
		A2ABA119250FF1BA0021880D /* SceneDelegate.swift in Sources */ = {isa = PBXBuildFile; fileRef = A2ABA118250FF1BA0021880D /* SceneDelegate.swift */; };
		A2ABA11E250FF1BA0021880D /* Main.storyboard in Resources */ = {isa = PBXBuildFile; fileRef = A2ABA11C250FF1BA0021880D /* Main.storyboard */; };
		A2ABA120250FF1BA0021880D /* Assets.xcassets in Resources */ = {isa = PBXBuildFile; fileRef = A2ABA11F250FF1BA0021880D /* Assets.xcassets */; };
		A2ABA123250FF1BA0021880D /* LaunchScreen.storyboard in Resources */ = {isa = PBXBuildFile; fileRef = A2ABA121250FF1BA0021880D /* LaunchScreen.storyboard */; };
		A2ABA12E250FF1BB0021880D /* RealTimeChatTests.swift in Sources */ = {isa = PBXBuildFile; fileRef = A2ABA12D250FF1BB0021880D /* RealTimeChatTests.swift */; };
		A2ABA139250FF1BB0021880D /* RealTimeChatUITests.swift in Sources */ = {isa = PBXBuildFile; fileRef = A2ABA138250FF1BB0021880D /* RealTimeChatUITests.swift */; };
		A2ABA148250FF57B0021880D /* GoogleService-Info.plist in Resources */ = {isa = PBXBuildFile; fileRef = A2ABA147250FF57B0021880D /* GoogleService-Info.plist */; };
		A2ABA14E250FF9100021880D /* ColorExtensions.swift in Sources */ = {isa = PBXBuildFile; fileRef = A2ABA14D250FF9100021880D /* ColorExtensions.swift */; };
		A2ABA152250FFBB00021880D /* StartViewController.swift in Sources */ = {isa = PBXBuildFile; fileRef = A2ABA151250FFBB00021880D /* StartViewController.swift */; };
		A2ABA157251001130021880D /* UserHelper.swift in Sources */ = {isa = PBXBuildFile; fileRef = A2ABA156251001130021880D /* UserHelper.swift */; };
		A2ABA1592510032E0021880D /* MainTabViewController.swift in Sources */ = {isa = PBXBuildFile; fileRef = A2ABA1582510032E0021880D /* MainTabViewController.swift */; };
		A2ABA161251004F90021880D /* AppUser.swift in Sources */ = {isa = PBXBuildFile; fileRef = A2ABA160251004F90021880D /* AppUser.swift */; };
		A2ABA16725102C240021880D /* ButtonExtentions.swift in Sources */ = {isa = PBXBuildFile; fileRef = A2ABA16625102C240021880D /* ButtonExtentions.swift */; };
		A2ABA16925102DFD0021880D /* ViewControllerExtentions.swift in Sources */ = {isa = PBXBuildFile; fileRef = A2ABA16825102DFD0021880D /* ViewControllerExtentions.swift */; };
		A2ABA16B251031950021880D /* UIViewExtensions.swift in Sources */ = {isa = PBXBuildFile; fileRef = A2ABA16A251031950021880D /* UIViewExtensions.swift */; };
		A2D81CB1251052A4005551E4 /* CreateAccountViewController.swift in Sources */ = {isa = PBXBuildFile; fileRef = A2D81CB0251052A4005551E4 /* CreateAccountViewController.swift */; };
		A2FCFB1725105C8C00280BED /* ScrollViewController.swift in Sources */ = {isa = PBXBuildFile; fileRef = A2FCFB1625105C8C00280BED /* ScrollViewController.swift */; };
		A2FCFB19251060BA00280BED /* StringExtensions.swift in Sources */ = {isa = PBXBuildFile; fileRef = A2FCFB18251060BA00280BED /* StringExtensions.swift */; };
		A2FCFB1B251076D600280BED /* LoginViewController.swift in Sources */ = {isa = PBXBuildFile; fileRef = A2FCFB1A251076D600280BED /* LoginViewController.swift */; };
/* End PBXBuildFile section */

/* Begin PBXContainerItemProxy section */
		A2ABA12A250FF1BB0021880D /* PBXContainerItemProxy */ = {
			isa = PBXContainerItemProxy;
			containerPortal = A2ABA10B250FF1B90021880D /* Project object */;
			proxyType = 1;
			remoteGlobalIDString = A2ABA112250FF1B90021880D;
			remoteInfo = RealTimeChat;
		};
		A2ABA135250FF1BB0021880D /* PBXContainerItemProxy */ = {
			isa = PBXContainerItemProxy;
			containerPortal = A2ABA10B250FF1B90021880D /* Project object */;
			proxyType = 1;
			remoteGlobalIDString = A2ABA112250FF1B90021880D;
			remoteInfo = RealTimeChat;
		};
/* End PBXContainerItemProxy section */

/* Begin PBXFileReference section */
		383321EE4FC252C5C85F3B60 /* Pods-RealTimeChatTests.debug.xcconfig */ = {isa = PBXFileReference; includeInIndex = 1; lastKnownFileType = text.xcconfig; name = "Pods-RealTimeChatTests.debug.xcconfig"; path = "Target Support Files/Pods-RealTimeChatTests/Pods-RealTimeChatTests.debug.xcconfig"; sourceTree = "<group>"; };
		4914BB8122452ACF42569EFE /* Pods-RealTimeChat.release.xcconfig */ = {isa = PBXFileReference; includeInIndex = 1; lastKnownFileType = text.xcconfig; name = "Pods-RealTimeChat.release.xcconfig"; path = "Target Support Files/Pods-RealTimeChat/Pods-RealTimeChat.release.xcconfig"; sourceTree = "<group>"; };
		59C405899521CCDDD8A89FE9 /* Pods_RealTimeChatTests.framework */ = {isa = PBXFileReference; explicitFileType = wrapper.framework; includeInIndex = 0; path = Pods_RealTimeChatTests.framework; sourceTree = BUILT_PRODUCTS_DIR; };
		A244318C251101CF00758DC0 /* DatabaseHelper.swift */ = {isa = PBXFileReference; lastKnownFileType = sourcecode.swift; path = DatabaseHelper.swift; sourceTree = "<group>"; };
		A268AC8D25111B23005073F2 /* ProfileTableViewController.swift */ = {isa = PBXFileReference; lastKnownFileType = sourcecode.swift; path = ProfileTableViewController.swift; sourceTree = "<group>"; };
		A268AC8F25111B60005073F2 /* ChatsTableViewController.swift */ = {isa = PBXFileReference; lastKnownFileType = sourcecode.swift; path = ChatsTableViewController.swift; sourceTree = "<group>"; };
		A268AC9125111B7D005073F2 /* ContactsTableViewController.swift */ = {isa = PBXFileReference; lastKnownFileType = sourcecode.swift; path = ContactsTableViewController.swift; sourceTree = "<group>"; };
		A268AC9325111E91005073F2 /* KeyboardHelper.swift */ = {isa = PBXFileReference; lastKnownFileType = sourcecode.swift; path = KeyboardHelper.swift; sourceTree = "<group>"; };
		A2ABA113250FF1B90021880D /* RealTimeChat.app */ = {isa = PBXFileReference; explicitFileType = wrapper.application; includeInIndex = 0; path = RealTimeChat.app; sourceTree = BUILT_PRODUCTS_DIR; };
		A2ABA116250FF1BA0021880D /* AppDelegate.swift */ = {isa = PBXFileReference; lastKnownFileType = sourcecode.swift; path = AppDelegate.swift; sourceTree = "<group>"; };
		A2ABA118250FF1BA0021880D /* SceneDelegate.swift */ = {isa = PBXFileReference; lastKnownFileType = sourcecode.swift; path = SceneDelegate.swift; sourceTree = "<group>"; };
		A2ABA11D250FF1BA0021880D /* Base */ = {isa = PBXFileReference; lastKnownFileType = file.storyboard; name = Base; path = Base.lproj/Main.storyboard; sourceTree = "<group>"; };
		A2ABA11F250FF1BA0021880D /* Assets.xcassets */ = {isa = PBXFileReference; lastKnownFileType = folder.assetcatalog; path = Assets.xcassets; sourceTree = "<group>"; };
		A2ABA122250FF1BA0021880D /* Base */ = {isa = PBXFileReference; lastKnownFileType = file.storyboard; name = Base; path = Base.lproj/LaunchScreen.storyboard; sourceTree = "<group>"; };
		A2ABA124250FF1BA0021880D /* Info.plist */ = {isa = PBXFileReference; lastKnownFileType = text.plist.xml; path = Info.plist; sourceTree = "<group>"; };
		A2ABA129250FF1BB0021880D /* RealTimeChatTests.xctest */ = {isa = PBXFileReference; explicitFileType = wrapper.cfbundle; includeInIndex = 0; path = RealTimeChatTests.xctest; sourceTree = BUILT_PRODUCTS_DIR; };
		A2ABA12D250FF1BB0021880D /* RealTimeChatTests.swift */ = {isa = PBXFileReference; lastKnownFileType = sourcecode.swift; path = RealTimeChatTests.swift; sourceTree = "<group>"; };
		A2ABA12F250FF1BB0021880D /* Info.plist */ = {isa = PBXFileReference; lastKnownFileType = text.plist.xml; path = Info.plist; sourceTree = "<group>"; };
		A2ABA134250FF1BB0021880D /* RealTimeChatUITests.xctest */ = {isa = PBXFileReference; explicitFileType = wrapper.cfbundle; includeInIndex = 0; path = RealTimeChatUITests.xctest; sourceTree = BUILT_PRODUCTS_DIR; };
		A2ABA138250FF1BB0021880D /* RealTimeChatUITests.swift */ = {isa = PBXFileReference; lastKnownFileType = sourcecode.swift; path = RealTimeChatUITests.swift; sourceTree = "<group>"; };
		A2ABA13A250FF1BB0021880D /* Info.plist */ = {isa = PBXFileReference; lastKnownFileType = text.plist.xml; path = Info.plist; sourceTree = "<group>"; };
		A2ABA147250FF57B0021880D /* GoogleService-Info.plist */ = {isa = PBXFileReference; fileEncoding = 4; lastKnownFileType = text.plist.xml; path = "GoogleService-Info.plist"; sourceTree = "<group>"; };
		A2ABA14D250FF9100021880D /* ColorExtensions.swift */ = {isa = PBXFileReference; lastKnownFileType = sourcecode.swift; path = ColorExtensions.swift; sourceTree = "<group>"; };
		A2ABA151250FFBB00021880D /* StartViewController.swift */ = {isa = PBXFileReference; lastKnownFileType = sourcecode.swift; path = StartViewController.swift; sourceTree = "<group>"; };
		A2ABA156251001130021880D /* UserHelper.swift */ = {isa = PBXFileReference; lastKnownFileType = sourcecode.swift; path = UserHelper.swift; sourceTree = "<group>"; };
		A2ABA1582510032E0021880D /* MainTabViewController.swift */ = {isa = PBXFileReference; lastKnownFileType = sourcecode.swift; path = MainTabViewController.swift; sourceTree = "<group>"; };
		A2ABA160251004F90021880D /* AppUser.swift */ = {isa = PBXFileReference; lastKnownFileType = sourcecode.swift; path = AppUser.swift; sourceTree = "<group>"; };
		A2ABA16625102C240021880D /* ButtonExtentions.swift */ = {isa = PBXFileReference; lastKnownFileType = sourcecode.swift; path = ButtonExtentions.swift; sourceTree = "<group>"; };
		A2ABA16825102DFD0021880D /* ViewControllerExtentions.swift */ = {isa = PBXFileReference; lastKnownFileType = sourcecode.swift; path = ViewControllerExtentions.swift; sourceTree = "<group>"; };
		A2ABA16A251031950021880D /* UIViewExtensions.swift */ = {isa = PBXFileReference; lastKnownFileType = sourcecode.swift; path = UIViewExtensions.swift; sourceTree = "<group>"; };
		A2D81CB0251052A4005551E4 /* CreateAccountViewController.swift */ = {isa = PBXFileReference; lastKnownFileType = sourcecode.swift; path = CreateAccountViewController.swift; sourceTree = "<group>"; };
		A2FCFB1625105C8C00280BED /* ScrollViewController.swift */ = {isa = PBXFileReference; lastKnownFileType = sourcecode.swift; path = ScrollViewController.swift; sourceTree = "<group>"; };
		A2FCFB18251060BA00280BED /* StringExtensions.swift */ = {isa = PBXFileReference; lastKnownFileType = sourcecode.swift; path = StringExtensions.swift; sourceTree = "<group>"; };
		A2FCFB1A251076D600280BED /* LoginViewController.swift */ = {isa = PBXFileReference; lastKnownFileType = sourcecode.swift; path = LoginViewController.swift; sourceTree = "<group>"; };
		B3BC290AAB9DE0042CE64999 /* Pods-RealTimeChat.debug.xcconfig */ = {isa = PBXFileReference; includeInIndex = 1; lastKnownFileType = text.xcconfig; name = "Pods-RealTimeChat.debug.xcconfig"; path = "Target Support Files/Pods-RealTimeChat/Pods-RealTimeChat.debug.xcconfig"; sourceTree = "<group>"; };
		B64BB690B5069B92F682FDED /* Pods_RealTimeChat.framework */ = {isa = PBXFileReference; explicitFileType = wrapper.framework; includeInIndex = 0; path = Pods_RealTimeChat.framework; sourceTree = BUILT_PRODUCTS_DIR; };
		CF735ECB2797C79B6D6B0A6C /* Pods-RealTimeChatTests.release.xcconfig */ = {isa = PBXFileReference; includeInIndex = 1; lastKnownFileType = text.xcconfig; name = "Pods-RealTimeChatTests.release.xcconfig"; path = "Target Support Files/Pods-RealTimeChatTests/Pods-RealTimeChatTests.release.xcconfig"; sourceTree = "<group>"; };
/* End PBXFileReference section */

/* Begin PBXFrameworksBuildPhase section */
		A2ABA110250FF1B90021880D /* Frameworks */ = {
			isa = PBXFrameworksBuildPhase;
			buildActionMask = 2147483647;
			files = (
				6F1D78CDA1783B09B6FB3A5A /* Pods_RealTimeChat.framework in Frameworks */,
			);
			runOnlyForDeploymentPostprocessing = 0;
		};
		A2ABA126250FF1BB0021880D /* Frameworks */ = {
			isa = PBXFrameworksBuildPhase;
			buildActionMask = 2147483647;
			files = (
				01DC74DDD57F70A7A1629205 /* Pods_RealTimeChatTests.framework in Frameworks */,
			);
			runOnlyForDeploymentPostprocessing = 0;
		};
		A2ABA131250FF1BB0021880D /* Frameworks */ = {
			isa = PBXFrameworksBuildPhase;
			buildActionMask = 2147483647;
			files = (
			);
			runOnlyForDeploymentPostprocessing = 0;
		};
/* End PBXFrameworksBuildPhase section */

/* Begin PBXGroup section */
		3C2AF803DADFFE48528A286E /* Pods */ = {
			isa = PBXGroup;
			children = (
				B3BC290AAB9DE0042CE64999 /* Pods-RealTimeChat.debug.xcconfig */,
				4914BB8122452ACF42569EFE /* Pods-RealTimeChat.release.xcconfig */,
				383321EE4FC252C5C85F3B60 /* Pods-RealTimeChatTests.debug.xcconfig */,
				CF735ECB2797C79B6D6B0A6C /* Pods-RealTimeChatTests.release.xcconfig */,
			);
			path = Pods;
			sourceTree = "<group>";
		};
		A2ABA10A250FF1B90021880D = {
			isa = PBXGroup;
			children = (
				A2ABA115250FF1B90021880D /* RealTimeChat */,
				A2ABA12C250FF1BB0021880D /* RealTimeChatTests */,
				A2ABA137250FF1BB0021880D /* RealTimeChatUITests */,
				A2ABA114250FF1B90021880D /* Products */,
				3C2AF803DADFFE48528A286E /* Pods */,
				B317207236C3AA71781738C6 /* Frameworks */,
			);
			sourceTree = "<group>";
		};
		A2ABA114250FF1B90021880D /* Products */ = {
			isa = PBXGroup;
			children = (
				A2ABA113250FF1B90021880D /* RealTimeChat.app */,
				A2ABA129250FF1BB0021880D /* RealTimeChatTests.xctest */,
				A2ABA134250FF1BB0021880D /* RealTimeChatUITests.xctest */,
			);
			name = Products;
			sourceTree = "<group>";
		};
		A2ABA115250FF1B90021880D /* RealTimeChat */ = {
			isa = PBXGroup;
			children = (
				A2ABA163251029DF0021880D /* Controls */,
				A2ABA155251000F30021880D /* Extensions */,
				A2ABA14C250FF8FE0021880D /* Helpers */,
				A2ABA14B250FF8F00021880D /* Controllers */,
				A2ABA162251026A90021880D /* ViewModels */,
				A2ABA14A250FF8E80021880D /* Views */,
				A2ABA149250FF8DF0021880D /* Model */,
				A2ABA146250FF5520021880D /* Default */,
			);
			path = RealTimeChat;
			sourceTree = "<group>";
		};
		A2ABA12C250FF1BB0021880D /* RealTimeChatTests */ = {
			isa = PBXGroup;
			children = (
				A2ABA12D250FF1BB0021880D /* RealTimeChatTests.swift */,
				A2ABA12F250FF1BB0021880D /* Info.plist */,
			);
			path = RealTimeChatTests;
			sourceTree = "<group>";
		};
		A2ABA137250FF1BB0021880D /* RealTimeChatUITests */ = {
			isa = PBXGroup;
			children = (
				A2ABA138250FF1BB0021880D /* RealTimeChatUITests.swift */,
				A2ABA13A250FF1BB0021880D /* Info.plist */,
			);
			path = RealTimeChatUITests;
			sourceTree = "<group>";
		};
		A2ABA146250FF5520021880D /* Default */ = {
			isa = PBXGroup;
			children = (
				A2ABA11F250FF1BA0021880D /* Assets.xcassets */,
				A2ABA121250FF1BA0021880D /* LaunchScreen.storyboard */,
				A2ABA124250FF1BA0021880D /* Info.plist */,
				A2ABA11C250FF1BA0021880D /* Main.storyboard */,
				A2ABA147250FF57B0021880D /* GoogleService-Info.plist */,
				A2ABA118250FF1BA0021880D /* SceneDelegate.swift */,
				A2ABA116250FF1BA0021880D /* AppDelegate.swift */,
			);
			name = Default;
			sourceTree = "<group>";
		};
		A2ABA149250FF8DF0021880D /* Model */ = {
			isa = PBXGroup;
			children = (
				A2ABA160251004F90021880D /* AppUser.swift */,
			);
			path = Model;
			sourceTree = "<group>";
		};
		A2ABA14A250FF8E80021880D /* Views */ = {
			isa = PBXGroup;
			children = (
			);
			path = Views;
			sourceTree = "<group>";
		};
		A2ABA14B250FF8F00021880D /* Controllers */ = {
			isa = PBXGroup;
			children = (
				A2ABA151250FFBB00021880D /* StartViewController.swift */,
				A2ABA1582510032E0021880D /* MainTabViewController.swift */,
				A2D81CB0251052A4005551E4 /* CreateAccountViewController.swift */,
				A2FCFB1A251076D600280BED /* LoginViewController.swift */,
				A268AC8D25111B23005073F2 /* ProfileTableViewController.swift */,
				A268AC8F25111B60005073F2 /* ChatsTableViewController.swift */,
				A268AC9125111B7D005073F2 /* ContactsTableViewController.swift */,
			);
			path = Controllers;
			sourceTree = "<group>";
		};
		A2ABA14C250FF8FE0021880D /* Helpers */ = {
			isa = PBXGroup;
			children = (
				A2ABA156251001130021880D /* UserHelper.swift */,
				A244318C251101CF00758DC0 /* DatabaseHelper.swift */,
				A268AC9325111E91005073F2 /* KeyboardHelper.swift */,
			);
			path = Helpers;
			sourceTree = "<group>";
		};
		A2ABA155251000F30021880D /* Extensions */ = {
			isa = PBXGroup;
			children = (
				A2ABA14D250FF9100021880D /* ColorExtensions.swift */,
				A2ABA16625102C240021880D /* ButtonExtentions.swift */,
				A2ABA16825102DFD0021880D /* ViewControllerExtentions.swift */,
				A2ABA16A251031950021880D /* UIViewExtensions.swift */,
				A2FCFB18251060BA00280BED /* StringExtensions.swift */,
			);
			name = Extensions;
			sourceTree = "<group>";
		};
		A2ABA162251026A90021880D /* ViewModels */ = {
			isa = PBXGroup;
			children = (
			);
			path = ViewModels;
			sourceTree = "<group>";
		};
		A2ABA163251029DF0021880D /* Controls */ = {
			isa = PBXGroup;
			children = (
				A2FCFB1625105C8C00280BED /* ScrollViewController.swift */,
			);
			path = Controls;
			sourceTree = "<group>";
		};
		B317207236C3AA71781738C6 /* Frameworks */ = {
			isa = PBXGroup;
			children = (
				B64BB690B5069B92F682FDED /* Pods_RealTimeChat.framework */,
				59C405899521CCDDD8A89FE9 /* Pods_RealTimeChatTests.framework */,
			);
			name = Frameworks;
			sourceTree = "<group>";
		};
/* End PBXGroup section */

/* Begin PBXNativeTarget section */
		A2ABA112250FF1B90021880D /* RealTimeChat */ = {
			isa = PBXNativeTarget;
			buildConfigurationList = A2ABA13D250FF1BB0021880D /* Build configuration list for PBXNativeTarget "RealTimeChat" */;
			buildPhases = (
				EA894BCBCDAFC456F55564D2 /* [CP] Check Pods Manifest.lock */,
				A2ABA10F250FF1B90021880D /* Sources */,
				A2ABA110250FF1B90021880D /* Frameworks */,
				A2ABA111250FF1B90021880D /* Resources */,
				E349499FD788FDD6347C93BD /* [CP] Embed Pods Frameworks */,
			);
			buildRules = (
			);
			dependencies = (
			);
			name = RealTimeChat;
			productName = RealTimeChat;
			productReference = A2ABA113250FF1B90021880D /* RealTimeChat.app */;
			productType = "com.apple.product-type.application";
		};
		A2ABA128250FF1BB0021880D /* RealTimeChatTests */ = {
			isa = PBXNativeTarget;
			buildConfigurationList = A2ABA140250FF1BB0021880D /* Build configuration list for PBXNativeTarget "RealTimeChatTests" */;
			buildPhases = (
				A804F83D1137E360C529F473 /* [CP] Check Pods Manifest.lock */,
				A2ABA125250FF1BB0021880D /* Sources */,
				A2ABA126250FF1BB0021880D /* Frameworks */,
				A2ABA127250FF1BB0021880D /* Resources */,
				82EAAFEA12D3FC303E6927CD /* [CP] Embed Pods Frameworks */,
			);
			buildRules = (
			);
			dependencies = (
				A2ABA12B250FF1BB0021880D /* PBXTargetDependency */,
			);
			name = RealTimeChatTests;
			productName = RealTimeChatTests;
			productReference = A2ABA129250FF1BB0021880D /* RealTimeChatTests.xctest */;
			productType = "com.apple.product-type.bundle.unit-test";
		};
		A2ABA133250FF1BB0021880D /* RealTimeChatUITests */ = {
			isa = PBXNativeTarget;
			buildConfigurationList = A2ABA143250FF1BB0021880D /* Build configuration list for PBXNativeTarget "RealTimeChatUITests" */;
			buildPhases = (
				A2ABA130250FF1BB0021880D /* Sources */,
				A2ABA131250FF1BB0021880D /* Frameworks */,
				A2ABA132250FF1BB0021880D /* Resources */,
			);
			buildRules = (
			);
			dependencies = (
				A2ABA136250FF1BB0021880D /* PBXTargetDependency */,
			);
			name = RealTimeChatUITests;
			productName = RealTimeChatUITests;
			productReference = A2ABA134250FF1BB0021880D /* RealTimeChatUITests.xctest */;
			productType = "com.apple.product-type.bundle.ui-testing";
		};
/* End PBXNativeTarget section */

/* Begin PBXProject section */
		A2ABA10B250FF1B90021880D /* Project object */ = {
			isa = PBXProject;
			attributes = {
				LastSwiftUpdateCheck = 1160;
				LastUpgradeCheck = 1160;
				ORGANIZATIONNAME = "Miyo Alpízar";
				TargetAttributes = {
					A2ABA112250FF1B90021880D = {
						CreatedOnToolsVersion = 11.6;
					};
					A2ABA128250FF1BB0021880D = {
						CreatedOnToolsVersion = 11.6;
						TestTargetID = A2ABA112250FF1B90021880D;
					};
					A2ABA133250FF1BB0021880D = {
						CreatedOnToolsVersion = 11.6;
						TestTargetID = A2ABA112250FF1B90021880D;
					};
				};
			};
			buildConfigurationList = A2ABA10E250FF1B90021880D /* Build configuration list for PBXProject "RealTimeChat" */;
			compatibilityVersion = "Xcode 9.3";
			developmentRegion = en;
			hasScannedForEncodings = 0;
			knownRegions = (
				en,
				Base,
			);
			mainGroup = A2ABA10A250FF1B90021880D;
			productRefGroup = A2ABA114250FF1B90021880D /* Products */;
			projectDirPath = "";
			projectRoot = "";
			targets = (
				A2ABA112250FF1B90021880D /* RealTimeChat */,
				A2ABA128250FF1BB0021880D /* RealTimeChatTests */,
				A2ABA133250FF1BB0021880D /* RealTimeChatUITests */,
			);
		};
/* End PBXProject section */

/* Begin PBXResourcesBuildPhase section */
		A2ABA111250FF1B90021880D /* Resources */ = {
			isa = PBXResourcesBuildPhase;
			buildActionMask = 2147483647;
			files = (
				A2ABA123250FF1BA0021880D /* LaunchScreen.storyboard in Resources */,
				A2ABA148250FF57B0021880D /* GoogleService-Info.plist in Resources */,
				A2ABA120250FF1BA0021880D /* Assets.xcassets in Resources */,
				A2ABA11E250FF1BA0021880D /* Main.storyboard in Resources */,
			);
			runOnlyForDeploymentPostprocessing = 0;
		};
		A2ABA127250FF1BB0021880D /* Resources */ = {
			isa = PBXResourcesBuildPhase;
			buildActionMask = 2147483647;
			files = (
			);
			runOnlyForDeploymentPostprocessing = 0;
		};
		A2ABA132250FF1BB0021880D /* Resources */ = {
			isa = PBXResourcesBuildPhase;
			buildActionMask = 2147483647;
			files = (
			);
			runOnlyForDeploymentPostprocessing = 0;
		};
/* End PBXResourcesBuildPhase section */

/* Begin PBXShellScriptBuildPhase section */
		82EAAFEA12D3FC303E6927CD /* [CP] Embed Pods Frameworks */ = {
			isa = PBXShellScriptBuildPhase;
			buildActionMask = 2147483647;
			files = (
			);
			inputFileListPaths = (
				"${PODS_ROOT}/Target Support Files/Pods-RealTimeChatTests/Pods-RealTimeChatTests-frameworks-${CONFIGURATION}-input-files.xcfilelist",
			);
			name = "[CP] Embed Pods Frameworks";
			outputFileListPaths = (
				"${PODS_ROOT}/Target Support Files/Pods-RealTimeChatTests/Pods-RealTimeChatTests-frameworks-${CONFIGURATION}-output-files.xcfilelist",
			);
			runOnlyForDeploymentPostprocessing = 0;
			shellPath = /bin/sh;
			shellScript = "\"${PODS_ROOT}/Target Support Files/Pods-RealTimeChatTests/Pods-RealTimeChatTests-frameworks.sh\"\n";
			showEnvVarsInLog = 0;
		};
		A804F83D1137E360C529F473 /* [CP] Check Pods Manifest.lock */ = {
			isa = PBXShellScriptBuildPhase;
			buildActionMask = 2147483647;
			files = (
			);
			inputFileListPaths = (
			);
			inputPaths = (
				"${PODS_PODFILE_DIR_PATH}/Podfile.lock",
				"${PODS_ROOT}/Manifest.lock",
			);
			name = "[CP] Check Pods Manifest.lock";
			outputFileListPaths = (
			);
			outputPaths = (
				"$(DERIVED_FILE_DIR)/Pods-RealTimeChatTests-checkManifestLockResult.txt",
			);
			runOnlyForDeploymentPostprocessing = 0;
			shellPath = /bin/sh;
			shellScript = "diff \"${PODS_PODFILE_DIR_PATH}/Podfile.lock\" \"${PODS_ROOT}/Manifest.lock\" > /dev/null\nif [ $? != 0 ] ; then\n    # print error to STDERR\n    echo \"error: The sandbox is not in sync with the Podfile.lock. Run 'pod install' or update your CocoaPods installation.\" >&2\n    exit 1\nfi\n# This output is used by Xcode 'outputs' to avoid re-running this script phase.\necho \"SUCCESS\" > \"${SCRIPT_OUTPUT_FILE_0}\"\n";
			showEnvVarsInLog = 0;
		};
		E349499FD788FDD6347C93BD /* [CP] Embed Pods Frameworks */ = {
			isa = PBXShellScriptBuildPhase;
			buildActionMask = 2147483647;
			files = (
			);
			inputFileListPaths = (
				"${PODS_ROOT}/Target Support Files/Pods-RealTimeChat/Pods-RealTimeChat-frameworks-${CONFIGURATION}-input-files.xcfilelist",
			);
			name = "[CP] Embed Pods Frameworks";
			outputFileListPaths = (
				"${PODS_ROOT}/Target Support Files/Pods-RealTimeChat/Pods-RealTimeChat-frameworks-${CONFIGURATION}-output-files.xcfilelist",
			);
			runOnlyForDeploymentPostprocessing = 0;
			shellPath = /bin/sh;
			shellScript = "\"${PODS_ROOT}/Target Support Files/Pods-RealTimeChat/Pods-RealTimeChat-frameworks.sh\"\n";
			showEnvVarsInLog = 0;
		};
		EA894BCBCDAFC456F55564D2 /* [CP] Check Pods Manifest.lock */ = {
			isa = PBXShellScriptBuildPhase;
			buildActionMask = 2147483647;
			files = (
			);
			inputFileListPaths = (
			);
			inputPaths = (
				"${PODS_PODFILE_DIR_PATH}/Podfile.lock",
				"${PODS_ROOT}/Manifest.lock",
			);
			name = "[CP] Check Pods Manifest.lock";
			outputFileListPaths = (
			);
			outputPaths = (
				"$(DERIVED_FILE_DIR)/Pods-RealTimeChat-checkManifestLockResult.txt",
			);
			runOnlyForDeploymentPostprocessing = 0;
			shellPath = /bin/sh;
			shellScript = "diff \"${PODS_PODFILE_DIR_PATH}/Podfile.lock\" \"${PODS_ROOT}/Manifest.lock\" > /dev/null\nif [ $? != 0 ] ; then\n    # print error to STDERR\n    echo \"error: The sandbox is not in sync with the Podfile.lock. Run 'pod install' or update your CocoaPods installation.\" >&2\n    exit 1\nfi\n# This output is used by Xcode 'outputs' to avoid re-running this script phase.\necho \"SUCCESS\" > \"${SCRIPT_OUTPUT_FILE_0}\"\n";
			showEnvVarsInLog = 0;
		};
/* End PBXShellScriptBuildPhase section */

/* Begin PBXSourcesBuildPhase section */
		A2ABA10F250FF1B90021880D /* Sources */ = {
			isa = PBXSourcesBuildPhase;
			buildActionMask = 2147483647;
			files = (
				A2D81CB1251052A4005551E4 /* CreateAccountViewController.swift in Sources */,
				A2ABA16B251031950021880D /* UIViewExtensions.swift in Sources */,
				A2ABA152250FFBB00021880D /* StartViewController.swift in Sources */,
				A268AC9225111B7D005073F2 /* ContactsTableViewController.swift in Sources */,
				A2FCFB1B251076D600280BED /* LoginViewController.swift in Sources */,
				A2ABA16925102DFD0021880D /* ViewControllerExtentions.swift in Sources */,
				A2ABA1592510032E0021880D /* MainTabViewController.swift in Sources */,
				A2ABA16725102C240021880D /* ButtonExtentions.swift in Sources */,
				A268AC8E25111B23005073F2 /* ProfileTableViewController.swift in Sources */,
				A244318D251101CF00758DC0 /* DatabaseHelper.swift in Sources */,
				A2FCFB1725105C8C00280BED /* ScrollViewController.swift in Sources */,
				A2ABA161251004F90021880D /* AppUser.swift in Sources */,
				A268AC9425111E91005073F2 /* KeyboardHelper.swift in Sources */,
				A2ABA14E250FF9100021880D /* ColorExtensions.swift in Sources */,
				A2FCFB19251060BA00280BED /* StringExtensions.swift in Sources */,
				A268AC9025111B60005073F2 /* ChatsTableViewController.swift in Sources */,
				A2ABA157251001130021880D /* UserHelper.swift in Sources */,
				A2ABA117250FF1BA0021880D /* AppDelegate.swift in Sources */,
				A2ABA119250FF1BA0021880D /* SceneDelegate.swift in Sources */,
			);
			runOnlyForDeploymentPostprocessing = 0;
		};
		A2ABA125250FF1BB0021880D /* Sources */ = {
			isa = PBXSourcesBuildPhase;
			buildActionMask = 2147483647;
			files = (
				A2ABA12E250FF1BB0021880D /* RealTimeChatTests.swift in Sources */,
			);
			runOnlyForDeploymentPostprocessing = 0;
		};
		A2ABA130250FF1BB0021880D /* Sources */ = {
			isa = PBXSourcesBuildPhase;
			buildActionMask = 2147483647;
			files = (
				A2ABA139250FF1BB0021880D /* RealTimeChatUITests.swift in Sources */,
			);
			runOnlyForDeploymentPostprocessing = 0;
		};
/* End PBXSourcesBuildPhase section */

/* Begin PBXTargetDependency section */
		A2ABA12B250FF1BB0021880D /* PBXTargetDependency */ = {
			isa = PBXTargetDependency;
			target = A2ABA112250FF1B90021880D /* RealTimeChat */;
			targetProxy = A2ABA12A250FF1BB0021880D /* PBXContainerItemProxy */;
		};
		A2ABA136250FF1BB0021880D /* PBXTargetDependency */ = {
			isa = PBXTargetDependency;
			target = A2ABA112250FF1B90021880D /* RealTimeChat */;
			targetProxy = A2ABA135250FF1BB0021880D /* PBXContainerItemProxy */;
		};
/* End PBXTargetDependency section */

/* Begin PBXVariantGroup section */
		A2ABA11C250FF1BA0021880D /* Main.storyboard */ = {
			isa = PBXVariantGroup;
			children = (
				A2ABA11D250FF1BA0021880D /* Base */,
			);
			name = Main.storyboard;
			sourceTree = "<group>";
		};
		A2ABA121250FF1BA0021880D /* LaunchScreen.storyboard */ = {
			isa = PBXVariantGroup;
			children = (
				A2ABA122250FF1BA0021880D /* Base */,
			);
			name = LaunchScreen.storyboard;
			sourceTree = "<group>";
		};
/* End PBXVariantGroup section */

/* Begin XCBuildConfiguration section */
		A2ABA13B250FF1BB0021880D /* Debug */ = {
			isa = XCBuildConfiguration;
			buildSettings = {
				ALWAYS_SEARCH_USER_PATHS = NO;
				CLANG_ANALYZER_NONNULL = YES;
				CLANG_ANALYZER_NUMBER_OBJECT_CONVERSION = YES_AGGRESSIVE;
				CLANG_CXX_LANGUAGE_STANDARD = "gnu++14";
				CLANG_CXX_LIBRARY = "libc++";
				CLANG_ENABLE_MODULES = YES;
				CLANG_ENABLE_OBJC_ARC = YES;
				CLANG_ENABLE_OBJC_WEAK = YES;
				CLANG_WARN_BLOCK_CAPTURE_AUTORELEASING = YES;
				CLANG_WARN_BOOL_CONVERSION = YES;
				CLANG_WARN_COMMA = YES;
				CLANG_WARN_CONSTANT_CONVERSION = YES;
				CLANG_WARN_DEPRECATED_OBJC_IMPLEMENTATIONS = YES;
				CLANG_WARN_DIRECT_OBJC_ISA_USAGE = YES_ERROR;
				CLANG_WARN_DOCUMENTATION_COMMENTS = YES;
				CLANG_WARN_EMPTY_BODY = YES;
				CLANG_WARN_ENUM_CONVERSION = YES;
				CLANG_WARN_INFINITE_RECURSION = YES;
				CLANG_WARN_INT_CONVERSION = YES;
				CLANG_WARN_NON_LITERAL_NULL_CONVERSION = YES;
				CLANG_WARN_OBJC_IMPLICIT_RETAIN_SELF = YES;
				CLANG_WARN_OBJC_LITERAL_CONVERSION = YES;
				CLANG_WARN_OBJC_ROOT_CLASS = YES_ERROR;
				CLANG_WARN_RANGE_LOOP_ANALYSIS = YES;
				CLANG_WARN_STRICT_PROTOTYPES = YES;
				CLANG_WARN_SUSPICIOUS_MOVE = YES;
				CLANG_WARN_UNGUARDED_AVAILABILITY = YES_AGGRESSIVE;
				CLANG_WARN_UNREACHABLE_CODE = YES;
				CLANG_WARN__DUPLICATE_METHOD_MATCH = YES;
				COPY_PHASE_STRIP = NO;
				DEBUG_INFORMATION_FORMAT = dwarf;
				ENABLE_STRICT_OBJC_MSGSEND = YES;
				ENABLE_TESTABILITY = YES;
				GCC_C_LANGUAGE_STANDARD = gnu11;
				GCC_DYNAMIC_NO_PIC = NO;
				GCC_NO_COMMON_BLOCKS = YES;
				GCC_OPTIMIZATION_LEVEL = 0;
				GCC_PREPROCESSOR_DEFINITIONS = (
					"DEBUG=1",
					"$(inherited)",
				);
				GCC_WARN_64_TO_32_BIT_CONVERSION = YES;
				GCC_WARN_ABOUT_RETURN_TYPE = YES_ERROR;
				GCC_WARN_UNDECLARED_SELECTOR = YES;
				GCC_WARN_UNINITIALIZED_AUTOS = YES_AGGRESSIVE;
				GCC_WARN_UNUSED_FUNCTION = YES;
				GCC_WARN_UNUSED_VARIABLE = YES;
				IPHONEOS_DEPLOYMENT_TARGET = 13.6;
				MTL_ENABLE_DEBUG_INFO = INCLUDE_SOURCE;
				MTL_FAST_MATH = YES;
				ONLY_ACTIVE_ARCH = YES;
				SDKROOT = iphoneos;
				SWIFT_ACTIVE_COMPILATION_CONDITIONS = DEBUG;
				SWIFT_OPTIMIZATION_LEVEL = "-Onone";
			};
			name = Debug;
		};
		A2ABA13C250FF1BB0021880D /* Release */ = {
			isa = XCBuildConfiguration;
			buildSettings = {
				ALWAYS_SEARCH_USER_PATHS = NO;
				CLANG_ANALYZER_NONNULL = YES;
				CLANG_ANALYZER_NUMBER_OBJECT_CONVERSION = YES_AGGRESSIVE;
				CLANG_CXX_LANGUAGE_STANDARD = "gnu++14";
				CLANG_CXX_LIBRARY = "libc++";
				CLANG_ENABLE_MODULES = YES;
				CLANG_ENABLE_OBJC_ARC = YES;
				CLANG_ENABLE_OBJC_WEAK = YES;
				CLANG_WARN_BLOCK_CAPTURE_AUTORELEASING = YES;
				CLANG_WARN_BOOL_CONVERSION = YES;
				CLANG_WARN_COMMA = YES;
				CLANG_WARN_CONSTANT_CONVERSION = YES;
				CLANG_WARN_DEPRECATED_OBJC_IMPLEMENTATIONS = YES;
				CLANG_WARN_DIRECT_OBJC_ISA_USAGE = YES_ERROR;
				CLANG_WARN_DOCUMENTATION_COMMENTS = YES;
				CLANG_WARN_EMPTY_BODY = YES;
				CLANG_WARN_ENUM_CONVERSION = YES;
				CLANG_WARN_INFINITE_RECURSION = YES;
				CLANG_WARN_INT_CONVERSION = YES;
				CLANG_WARN_NON_LITERAL_NULL_CONVERSION = YES;
				CLANG_WARN_OBJC_IMPLICIT_RETAIN_SELF = YES;
				CLANG_WARN_OBJC_LITERAL_CONVERSION = YES;
				CLANG_WARN_OBJC_ROOT_CLASS = YES_ERROR;
				CLANG_WARN_RANGE_LOOP_ANALYSIS = YES;
				CLANG_WARN_STRICT_PROTOTYPES = YES;
				CLANG_WARN_SUSPICIOUS_MOVE = YES;
				CLANG_WARN_UNGUARDED_AVAILABILITY = YES_AGGRESSIVE;
				CLANG_WARN_UNREACHABLE_CODE = YES;
				CLANG_WARN__DUPLICATE_METHOD_MATCH = YES;
				COPY_PHASE_STRIP = NO;
				DEBUG_INFORMATION_FORMAT = "dwarf-with-dsym";
				ENABLE_NS_ASSERTIONS = NO;
				ENABLE_STRICT_OBJC_MSGSEND = YES;
				GCC_C_LANGUAGE_STANDARD = gnu11;
				GCC_NO_COMMON_BLOCKS = YES;
				GCC_WARN_64_TO_32_BIT_CONVERSION = YES;
				GCC_WARN_ABOUT_RETURN_TYPE = YES_ERROR;
				GCC_WARN_UNDECLARED_SELECTOR = YES;
				GCC_WARN_UNINITIALIZED_AUTOS = YES_AGGRESSIVE;
				GCC_WARN_UNUSED_FUNCTION = YES;
				GCC_WARN_UNUSED_VARIABLE = YES;
				IPHONEOS_DEPLOYMENT_TARGET = 13.6;
				MTL_ENABLE_DEBUG_INFO = NO;
				MTL_FAST_MATH = YES;
				SDKROOT = iphoneos;
				SWIFT_COMPILATION_MODE = wholemodule;
				SWIFT_OPTIMIZATION_LEVEL = "-O";
				VALIDATE_PRODUCT = YES;
			};
			name = Release;
		};
		A2ABA13E250FF1BB0021880D /* Debug */ = {
			isa = XCBuildConfiguration;
			baseConfigurationReference = B3BC290AAB9DE0042CE64999 /* Pods-RealTimeChat.debug.xcconfig */;
			buildSettings = {
				ASSETCATALOG_COMPILER_APPICON_NAME = AppIcon;
				CODE_SIGN_STYLE = Automatic;
				DEVELOPMENT_TEAM = 73V22638MH;
				INFOPLIST_FILE = RealTimeChat/Info.plist;
				LD_RUNPATH_SEARCH_PATHS = (
					"$(inherited)",
					"@executable_path/Frameworks",
				);
				PRODUCT_BUNDLE_IDENTIFIER = com.todosVuelan.RealTimeChat;
				PRODUCT_NAME = "$(TARGET_NAME)";
				SWIFT_VERSION = 5.0;
				TARGETED_DEVICE_FAMILY = "1,2";
			};
			name = Debug;
		};
		A2ABA13F250FF1BB0021880D /* Release */ = {
			isa = XCBuildConfiguration;
			baseConfigurationReference = 4914BB8122452ACF42569EFE /* Pods-RealTimeChat.release.xcconfig */;
			buildSettings = {
				ASSETCATALOG_COMPILER_APPICON_NAME = AppIcon;
				CODE_SIGN_STYLE = Automatic;
				DEVELOPMENT_TEAM = 73V22638MH;
				INFOPLIST_FILE = RealTimeChat/Info.plist;
				LD_RUNPATH_SEARCH_PATHS = (
					"$(inherited)",
					"@executable_path/Frameworks",
				);
				PRODUCT_BUNDLE_IDENTIFIER = com.todosVuelan.RealTimeChat;
				PRODUCT_NAME = "$(TARGET_NAME)";
				SWIFT_VERSION = 5.0;
				TARGETED_DEVICE_FAMILY = "1,2";
			};
			name = Release;
		};
		A2ABA141250FF1BB0021880D /* Debug */ = {
			isa = XCBuildConfiguration;
			baseConfigurationReference = 383321EE4FC252C5C85F3B60 /* Pods-RealTimeChatTests.debug.xcconfig */;
			buildSettings = {
				ALWAYS_EMBED_SWIFT_STANDARD_LIBRARIES = YES;
				BUNDLE_LOADER = "$(TEST_HOST)";
				CODE_SIGN_STYLE = Automatic;
				DEVELOPMENT_TEAM = 73V22638MH;
				INFOPLIST_FILE = RealTimeChatTests/Info.plist;
				IPHONEOS_DEPLOYMENT_TARGET = 13.6;
				LD_RUNPATH_SEARCH_PATHS = (
					"$(inherited)",
					"@executable_path/Frameworks",
					"@loader_path/Frameworks",
				);
				PRODUCT_BUNDLE_IDENTIFIER = todosVuelan.RealTimeChatTests;
				PRODUCT_NAME = "$(TARGET_NAME)";
				SWIFT_VERSION = 5.0;
				TARGETED_DEVICE_FAMILY = "1,2";
				TEST_HOST = "$(BUILT_PRODUCTS_DIR)/RealTimeChat.app/RealTimeChat";
			};
			name = Debug;
		};
		A2ABA142250FF1BB0021880D /* Release */ = {
			isa = XCBuildConfiguration;
			baseConfigurationReference = CF735ECB2797C79B6D6B0A6C /* Pods-RealTimeChatTests.release.xcconfig */;
			buildSettings = {
				ALWAYS_EMBED_SWIFT_STANDARD_LIBRARIES = YES;
				BUNDLE_LOADER = "$(TEST_HOST)";
				CODE_SIGN_STYLE = Automatic;
				DEVELOPMENT_TEAM = 73V22638MH;
				INFOPLIST_FILE = RealTimeChatTests/Info.plist;
				IPHONEOS_DEPLOYMENT_TARGET = 13.6;
				LD_RUNPATH_SEARCH_PATHS = (
					"$(inherited)",
					"@executable_path/Frameworks",
					"@loader_path/Frameworks",
				);
				PRODUCT_BUNDLE_IDENTIFIER = todosVuelan.RealTimeChatTests;
				PRODUCT_NAME = "$(TARGET_NAME)";
				SWIFT_VERSION = 5.0;
				TARGETED_DEVICE_FAMILY = "1,2";
				TEST_HOST = "$(BUILT_PRODUCTS_DIR)/RealTimeChat.app/RealTimeChat";
			};
			name = Release;
		};
		A2ABA144250FF1BB0021880D /* Debug */ = {
			isa = XCBuildConfiguration;
			buildSettings = {
				ALWAYS_EMBED_SWIFT_STANDARD_LIBRARIES = YES;
				CODE_SIGN_STYLE = Automatic;
				DEVELOPMENT_TEAM = 73V22638MH;
				INFOPLIST_FILE = RealTimeChatUITests/Info.plist;
				LD_RUNPATH_SEARCH_PATHS = (
					"$(inherited)",
					"@executable_path/Frameworks",
					"@loader_path/Frameworks",
				);
				PRODUCT_BUNDLE_IDENTIFIER = todosVuelan.RealTimeChatUITests;
				PRODUCT_NAME = "$(TARGET_NAME)";
				SWIFT_VERSION = 5.0;
				TARGETED_DEVICE_FAMILY = "1,2";
				TEST_TARGET_NAME = RealTimeChat;
			};
			name = Debug;
		};
		A2ABA145250FF1BB0021880D /* Release */ = {
			isa = XCBuildConfiguration;
			buildSettings = {
				ALWAYS_EMBED_SWIFT_STANDARD_LIBRARIES = YES;
				CODE_SIGN_STYLE = Automatic;
				DEVELOPMENT_TEAM = 73V22638MH;
				INFOPLIST_FILE = RealTimeChatUITests/Info.plist;
				LD_RUNPATH_SEARCH_PATHS = (
					"$(inherited)",
					"@executable_path/Frameworks",
					"@loader_path/Frameworks",
				);
				PRODUCT_BUNDLE_IDENTIFIER = todosVuelan.RealTimeChatUITests;
				PRODUCT_NAME = "$(TARGET_NAME)";
				SWIFT_VERSION = 5.0;
				TARGETED_DEVICE_FAMILY = "1,2";
				TEST_TARGET_NAME = RealTimeChat;
			};
			name = Release;
		};
/* End XCBuildConfiguration section */

/* Begin XCConfigurationList section */
		A2ABA10E250FF1B90021880D /* Build configuration list for PBXProject "RealTimeChat" */ = {
			isa = XCConfigurationList;
			buildConfigurations = (
				A2ABA13B250FF1BB0021880D /* Debug */,
				A2ABA13C250FF1BB0021880D /* Release */,
			);
			defaultConfigurationIsVisible = 0;
			defaultConfigurationName = Release;
		};
		A2ABA13D250FF1BB0021880D /* Build configuration list for PBXNativeTarget "RealTimeChat" */ = {
			isa = XCConfigurationList;
			buildConfigurations = (
				A2ABA13E250FF1BB0021880D /* Debug */,
				A2ABA13F250FF1BB0021880D /* Release */,
			);
			defaultConfigurationIsVisible = 0;
			defaultConfigurationName = Release;
		};
		A2ABA140250FF1BB0021880D /* Build configuration list for PBXNativeTarget "RealTimeChatTests" */ = {
			isa = XCConfigurationList;
			buildConfigurations = (
				A2ABA141250FF1BB0021880D /* Debug */,
				A2ABA142250FF1BB0021880D /* Release */,
			);
			defaultConfigurationIsVisible = 0;
			defaultConfigurationName = Release;
		};
		A2ABA143250FF1BB0021880D /* Build configuration list for PBXNativeTarget "RealTimeChatUITests" */ = {
			isa = XCConfigurationList;
			buildConfigurations = (
				A2ABA144250FF1BB0021880D /* Debug */,
				A2ABA145250FF1BB0021880D /* Release */,
			);
			defaultConfigurationIsVisible = 0;
			defaultConfigurationName = Release;
		};
/* End XCConfigurationList section */
	};
	rootObject = A2ABA10B250FF1B90021880D /* Project object */;
}
